
Microsoft Visual Studio Solution File, Format Version 12.00
# Visual Studio Version 17
VisualStudioVersion = 17.3.32922.545
MinimumVisualStudioVersion = 10.0.40219.1
Project("{FAE04EC0-301F-11D3-BF4B-00C04F79EFBC}") = "UAS_033", "UAS_033\UAS_033.csproj", "{2664192D-48A3-4B5D-91DB-6E7C9D4DA69E}"
EndProject
Global
	GlobalSection(SolutionConfigurationPlatforms) = preSolution
		Debug|Any CPU = Debug|Any CPU
		Release|Any CPU = Release|Any CPU
	EndGlobalSection
	GlobalSection(ProjectConfigurationPlatforms) = postSolution
		{2664192D-48A3-4B5D-91DB-6E7C9D4DA69E}.Debug|Any CPU.ActiveCfg = Debug|Any CPU
		{2664192D-48A3-4B5D-91DB-6E7C9D4DA69E}.Debug|Any CPU.Build.0 = Debug|Any CPU
		{2664192D-48A3-4B5D-91DB-6E7C9D4DA69E}.Release|Any CPU.ActiveCfg = Release|Any CPU
		{2664192D-48A3-4B5D-91DB-6E7C9D4DA69E}.Release|Any CPU.Build.0 = Release|Any CPU
	EndGlobalSection
	GlobalSection(SolutionProperties) = preSolution
		HideSolutionNode = FALSE
	EndGlobalSection
	GlobalSection(ExtensibilityGlobals) = postSolution
		SolutionGuid = {38311A80-4B30-486F-BD21-F705BA1BB03E}
	EndGlobalSection
EndGlobal
